
Microsoft Visual Studio Solution File, Format Version 12.00
Project("{2150E333-8FDC-42A3-9474-1A3956D46DE8}") = "src", "src", "{BF820B95-836B-4DFD-A382-7C5228C160EB}"
EndProject
Project("{2150E333-8FDC-42A3-9474-1A3956D46DE8}") = "MNET.Hosted", "MNET.Hosted", "{1911FD27-E2D8-48B4-99BC-01BB46B26BF8}"
EndProject
Project("{2150E333-8FDC-42A3-9474-1A3956D46DE8}") = "MNET.BuildingBlocks", "MNET.BuildingBlocks", "{AFF3BD64-ABC6-4974-8D5A-9EE4A3CACBEE}"
EndProject
Project("{2150E333-8FDC-42A3-9474-1A3956D46DE8}") = "MNET.Services", "MNET.Services", "{EF6CFE85-6EE3-4FB8-AC77-3EF1E0C37E30}"
EndProject
Project("{FAE04EC0-301F-11D3-BF4B-00C04F79EFBC}") = "MNET.Docker", "src\MNET.Hosted\MNET.Docker\MNET.Docker.csproj", "{872E4B1F-8F06-4192-844C-266965B607E6}"
EndProject
Project("{FAE04EC0-301F-11D3-BF4B-00C04F79EFBC}") = "MNET.Gateway", "src\MNET.Hosted\MNET.Gateway\MNET.Gateway.csproj", "{4DAFDDBC-0193-421B-AC57-CAD058716B03}"
EndProject
Project("{FAE04EC0-301F-11D3-BF4B-00C04F79EFBC}") = "BuildingBlock.Shared", "src\MNET.BuildingBlocks\BuildingBlock.Shared\BuildingBlock.Shared.csproj", "{7B0DA30A-EF56-46D4-967B-A1EE6558B2F8}"
EndProject
Project("{FAE04EC0-301F-11D3-BF4B-00C04F79EFBC}") = "BuildingBlock.Identity", "src\MNET.BuildingBlocks\BuildingBlock.Identity\BuildingBlock.Identity.csproj", "{E089DDBF-52AA-4600-A96D-C8D707BFD546}"
EndProject
Project("{FAE04EC0-301F-11D3-BF4B-00C04F79EFBC}") = "BuildingBlock.MongoDB", "src\MNET.BuildingBlocks\BuildingBlock.MongoDB\BuildingBlock.MongoDB.csproj", "{D56F587A-C525-4B1A-B611-164FB78D5764}"
EndProject
Project("{FAE04EC0-301F-11D3-BF4B-00C04F79EFBC}") = "BuildingBlock.SeedWorks", "src\MNET.BuildingBlocks\BuildingBlock.SeedWorks\BuildingBlock.SeedWorks.csproj", "{241B49BF-4EFE-425A-A8E9-1C3FC7598D58}"
EndProject
Project("{FAE04EC0-301F-11D3-BF4B-00C04F79EFBC}") = "BuildingBlock.DataExtensions", "src\MNET.BuildingBlocks\BuildingBlock.DataExtensions\BuildingBlock.DataExtensions.csproj", "{542B551F-AA4B-40B4-BB7F-9896AAC0B7F1}"
EndProject
Project("{FAE04EC0-301F-11D3-BF4B-00C04F79EFBC}") = "Service.Identity", "src\MNET.Services\Service.Identity\Service.Identity.csproj", "{E79C59ED-42C7-43F8-8BBC-977188E880A2}"
EndProject
Project("{FAE04EC0-301F-11D3-BF4B-00C04F79EFBC}") = "Service.Catalog", "src\MNET.Services\Service.Catalog\Service.Catalog.csproj", "{D04780AF-EF4B-46AD-9629-19F7AF4AD5AF}"
EndProject

Global
	GlobalSection(SolutionConfigurationPlatforms) = preSolution
		Debug|Any CPU = Debug|Any CPU
		Release|Any CPU = Release|Any CPU
	EndGlobalSection
	GlobalSection(NestedProjects) = preSolution
		{AFF3BD64-ABC6-4974-8D5A-9EE4A3CACBEE} = {BF820B95-836B-4DFD-A382-7C5228C160EB}
		{EF6CFE85-6EE3-4FB8-AC77-3EF1E0C37E30} = {BF820B95-836B-4DFD-A382-7C5228C160EB}
		{1911FD27-E2D8-48B4-99BC-01BB46B26BF8} = {BF820B95-836B-4DFD-A382-7C5228C160EB}
		{E79C59ED-42C7-43F8-8BBC-977188E880A2} = {EF6CFE85-6EE3-4FB8-AC77-3EF1E0C37E30}
		{D04780AF-EF4B-46AD-9629-19F7AF4AD5AF} = {EF6CFE85-6EE3-4FB8-AC77-3EF1E0C37E30}
		{7B0DA30A-EF56-46D4-967B-A1EE6558B2F8} = {AFF3BD64-ABC6-4974-8D5A-9EE4A3CACBEE}
		{D56F587A-C525-4B1A-B611-164FB78D5764} = {AFF3BD64-ABC6-4974-8D5A-9EE4A3CACBEE}
		{872E4B1F-8F06-4192-844C-266965B607E6} = {1911FD27-E2D8-48B4-99BC-01BB46B26BF8}
		{4DAFDDBC-0193-421B-AC57-CAD058716B03} = {1911FD27-E2D8-48B4-99BC-01BB46B26BF8}
		{241B49BF-4EFE-425A-A8E9-1C3FC7598D58} = {AFF3BD64-ABC6-4974-8D5A-9EE4A3CACBEE}
		{542B551F-AA4B-40B4-BB7F-9896AAC0B7F1} = {AFF3BD64-ABC6-4974-8D5A-9EE4A3CACBEE}
		{E089DDBF-52AA-4600-A96D-C8D707BFD546} = {AFF3BD64-ABC6-4974-8D5A-9EE4A3CACBEE}
	EndGlobalSection
	GlobalSection(ProjectConfigurationPlatforms) = postSolution
		{E79C59ED-42C7-43F8-8BBC-977188E880A2}.Debug|Any CPU.ActiveCfg = Debug|Any CPU
		{E79C59ED-42C7-43F8-8BBC-977188E880A2}.Debug|Any CPU.Build.0 = Debug|Any CPU
		{E79C59ED-42C7-43F8-8BBC-977188E880A2}.Release|Any CPU.ActiveCfg = Release|Any CPU
		{E79C59ED-42C7-43F8-8BBC-977188E880A2}.Release|Any CPU.Build.0 = Release|Any CPU
		{D04780AF-EF4B-46AD-9629-19F7AF4AD5AF}.Debug|Any CPU.ActiveCfg = Debug|Any CPU
		{D04780AF-EF4B-46AD-9629-19F7AF4AD5AF}.Debug|Any CPU.Build.0 = Debug|Any CPU
		{D04780AF-EF4B-46AD-9629-19F7AF4AD5AF}.Release|Any CPU.ActiveCfg = Release|Any CPU
		{D04780AF-EF4B-46AD-9629-19F7AF4AD5AF}.Release|Any CPU.Build.0 = Release|Any CPU
		{7B0DA30A-EF56-46D4-967B-A1EE6558B2F8}.Debug|Any CPU.ActiveCfg = Debug|Any CPU
		{7B0DA30A-EF56-46D4-967B-A1EE6558B2F8}.Debug|Any CPU.Build.0 = Debug|Any CPU
		{7B0DA30A-EF56-46D4-967B-A1EE6558B2F8}.Release|Any CPU.ActiveCfg = Release|Any CPU
		{7B0DA30A-EF56-46D4-967B-A1EE6558B2F8}.Release|Any CPU.Build.0 = Release|Any CPU
		{D56F587A-C525-4B1A-B611-164FB78D5764}.Debug|Any CPU.ActiveCfg = Debug|Any CPU
		{D56F587A-C525-4B1A-B611-164FB78D5764}.Debug|Any CPU.Build.0 = Debug|Any CPU
		{D56F587A-C525-4B1A-B611-164FB78D5764}.Release|Any CPU.ActiveCfg = Release|Any CPU
		{D56F587A-C525-4B1A-B611-164FB78D5764}.Release|Any CPU.Build.0 = Release|Any CPU
		{872E4B1F-8F06-4192-844C-266965B607E6}.Debug|Any CPU.ActiveCfg = Debug|Any CPU
		{872E4B1F-8F06-4192-844C-266965B607E6}.Debug|Any CPU.Build.0 = Debug|Any CPU
		{872E4B1F-8F06-4192-844C-266965B607E6}.Release|Any CPU.ActiveCfg = Release|Any CPU
		{872E4B1F-8F06-4192-844C-266965B607E6}.Release|Any CPU.Build.0 = Release|Any CPU
		{4DAFDDBC-0193-421B-AC57-CAD058716B03}.Debug|Any CPU.ActiveCfg = Debug|Any CPU
		{4DAFDDBC-0193-421B-AC57-CAD058716B03}.Debug|Any CPU.Build.0 = Debug|Any CPU
		{4DAFDDBC-0193-421B-AC57-CAD058716B03}.Release|Any CPU.ActiveCfg = Release|Any CPU
		{4DAFDDBC-0193-421B-AC57-CAD058716B03}.Release|Any CPU.Build.0 = Release|Any CPU
		{241B49BF-4EFE-425A-A8E9-1C3FC7598D58}.Debug|Any CPU.ActiveCfg = Debug|Any CPU
		{241B49BF-4EFE-425A-A8E9-1C3FC7598D58}.Debug|Any CPU.Build.0 = Debug|Any CPU
		{241B49BF-4EFE-425A-A8E9-1C3FC7598D58}.Release|Any CPU.ActiveCfg = Release|Any CPU
		{241B49BF-4EFE-425A-A8E9-1C3FC7598D58}.Release|Any CPU.Build.0 = Release|Any CPU
		{542B551F-AA4B-40B4-BB7F-9896AAC0B7F1}.Debug|Any CPU.ActiveCfg = Debug|Any CPU
		{542B551F-AA4B-40B4-BB7F-9896AAC0B7F1}.Debug|Any CPU.Build.0 = Debug|Any CPU
		{542B551F-AA4B-40B4-BB7F-9896AAC0B7F1}.Release|Any CPU.ActiveCfg = Release|Any CPU
		{542B551F-AA4B-40B4-BB7F-9896AAC0B7F1}.Release|Any CPU.Build.0 = Release|Any CPU
		{E089DDBF-52AA-4600-A96D-C8D707BFD546}.Debug|Any CPU.ActiveCfg = Debug|Any CPU
		{E089DDBF-52AA-4600-A96D-C8D707BFD546}.Debug|Any CPU.Build.0 = Debug|Any CPU
		{E089DDBF-52AA-4600-A96D-C8D707BFD546}.Release|Any CPU.ActiveCfg = Release|Any CPU
		{E089DDBF-52AA-4600-A96D-C8D707BFD546}.Release|Any CPU.Build.0 = Release|Any CPU
	EndGlobalSection
EndGlobal
